
Microsoft Visual Studio Solution File, Format Version 10.00
# Visual Studio 2008
Project("{FAE04EC0-301F-11D3-BF4B-00C04F79EFBC}") = "Carbon.Core", "src\core\Carbon.Core\Carbon.Core.csproj", "{BDD71A59-4A78-4B1C-9A77-3AC9D843F378}"
EndProject
Project("{2150E333-8FDC-42A3-9474-1A3956D46DE8}") = "core", "core", "{39BD369D-440A-441A-A977-E87D72FE0E0C}"
EndProject
Project("{2150E333-8FDC-42A3-9474-1A3956D46DE8}") = "esb", "esb", "{1E2B300D-1782-40E0-A74F-CB633A2A4612}"
EndProject
Project("{FAE04EC0-301F-11D3-BF4B-00C04F79EFBC}") = "Carbon.ESB", "src\esb\Carbon.ESB\Carbon.ESB.csproj", "{1D4AAD3D-5433-4EE3-B32D-FC95DE85942F}"
EndProject
Project("{2150E333-8FDC-42A3-9474-1A3956D46DE8}") = "integration", "integration", "{9AE3E7EE-4E73-4D43-A0AA-C9C550861CC4}"
EndProject
Project("{FAE04EC0-301F-11D3-BF4B-00C04F79EFBC}") = "Carbon.Integration", "src\integration\Carbon.Integration\Carbon.Integration.csproj", "{E82B5A65-BC47-4167-9FE6-46D679B98BE7}"
EndProject
Project("{2150E333-8FDC-42A3-9474-1A3956D46DE8}") = "adapters", "adapters", "{BCFFFC59-930A-4ACE-B6BC-B8342556DD40}"
EndProject
Project("{FAE04EC0-301F-11D3-BF4B-00C04F79EFBC}") = "Carbon.File.Adapter", "src\adapters\Carbon.File.Adapter\Carbon.File.Adapter.csproj", "{03379B05-B23C-492B-BE99-C314A59BCA13}"
EndProject
Project("{FAE04EC0-301F-11D3-BF4B-00C04F79EFBC}") = "Carbon.Msmq.Adapter", "src\adapters\Carbon.Msmq.Adapter\Carbon.Msmq.Adapter.csproj", "{8B03B2D2-FE43-4976-874F-687E517221E6}"
EndProject
Project("{FAE04EC0-301F-11D3-BF4B-00C04F79EFBC}") = "Carbon.Stdio.Adapter", "src\adapters\Carbon.Stdio.Adapter\Carbon.Stdio.Adapter.csproj", "{C54F22B5-AA51-4E91-A6F7-99C294DDBBB2}"
EndProject
Project("{2150E333-8FDC-42A3-9474-1A3956D46DE8}") = "tests", "tests", "{E70FB8E7-AB68-40EB-A50E-17ADFBFFC37A}"
	ProjectSection(SolutionItems) = preProject
		tests\log4net.config.xml = tests\log4net.config.xml
	EndProjectSection
EndProject
Project("{2150E333-8FDC-42A3-9474-1A3956D46DE8}") = "core", "core", "{4F331630-DA3F-4A1E-B77B-8536B6F7E93F}"
EndProject
Project("{FAE04EC0-301F-11D3-BF4B-00C04F79EFBC}") = "Carbon.Core.Tests", "tests\Carbon.Core.Tests\Carbon.Core.Tests.csproj", "{B0AFA645-32A3-415A-B334-D90139C79998}"
EndProject
Project("{FAE04EC0-301F-11D3-BF4B-00C04F79EFBC}") = "Carbon.Test.Domain", "tests\Carbon.Test.Domain\Carbon.Test.Domain.csproj", "{48D3DD11-D627-4907-805B-68CA0D4DBD10}"
EndProject
Project("{FAE04EC0-301F-11D3-BF4B-00C04F79EFBC}") = "Carbon.Windsor.Container.Integration", "src\integration\Carbon.Windsor.Container.Integration\Carbon.Windsor.Container.Integration.csproj", "{213C5255-F7E8-4BB6-8900-3C86ACC010A9}"
EndProject
Project("{FAE04EC0-301F-11D3-BF4B-00C04F79EFBC}") = "Carbon.NHibernate.Saga.Registry", "src\esb\Carbon.NHibernate.Conversation.Registry\Carbon.NHibernate.Saga.Registry.csproj", "{0146745A-CF5D-40A1-AAE0-07F30F5DFA72}"
EndProject
Project("{FAE04EC0-301F-11D3-BF4B-00C04F79EFBC}") = "Carbon.NHibernate.Subscriptions.Registry", "src\esb\Carbon.NHibernate.Subscriptions.Registry\Carbon.NHibernate.Subscriptions.Registry.csproj", "{3F4EBFE8-FFDA-45C5-845B-D9B218E89557}"
EndProject
Project("{FAE04EC0-301F-11D3-BF4B-00C04F79EFBC}") = "Carbon.NHibernate.Timeouts.Registry", "src\esb\Carbon.NHibernate.Timeouts.Registry\Carbon.NHibernate.Timeouts.Registry.csproj", "{821A788B-AEDE-41A3-9E10-67A745C42DA2}"
EndProject
Project("{2150E333-8FDC-42A3-9474-1A3956D46DE8}") = "esb", "esb", "{930BF452-1867-4FD9-8603-8A0C075F4AB7}"
EndProject
Project("{FAE04EC0-301F-11D3-BF4B-00C04F79EFBC}") = "Carbon.ESB.Tests", "tests\Carbon.ESB.Tests\Carbon.ESB.Tests.csproj", "{8BCDB1D7-0093-41DA-BF3A-43C3E008F349}"
EndProject
Project("{2150E333-8FDC-42A3-9474-1A3956D46DE8}") = "integration", "integration", "{83FF6432-7D62-4786-A807-CEBF3A402018}"
EndProject
Project("{FAE04EC0-301F-11D3-BF4B-00C04F79EFBC}") = "Carbon.Integration.Tests", "tests\Carbon.Integration.Tests\Carbon.Integration.Tests.csproj", "{198E3EDD-15EA-4063-8BE3-D0884D4442DD}"
EndProject
Project("{FAE04EC0-301F-11D3-BF4B-00C04F79EFBC}") = "Carbon.Sql.Adapter", "src\adapters\Carbon.Sql.Adapter\Carbon.Sql.Adapter.csproj", "{CF18218D-1531-4F84-8083-93A682E6094B}"
EndProject
Project("{FAE04EC0-301F-11D3-BF4B-00C04F79EFBC}") = "Carbon.ESB.NHibernate.Saga.Repository.Tests", "tests\Carbon.ESB.NHibernate.Saga.Repository.Tests\Carbon.ESB.NHibernate.Saga.Repository.Tests.csproj", "{7A1A6662-52D3-4F7F-BCF8-14BE1A09AADE}"
EndProject
Project("{FAE04EC0-301F-11D3-BF4B-00C04F79EFBC}") = "Carbon.Component.Adapter", "src\adapters\Carbon.Component.Adapter\Carbon.Component.Adapter.csproj", "{88142EC8-3DCB-4764-AE2F-B624306A14CD}"
EndProject
Project("{FAE04EC0-301F-11D3-BF4B-00C04F79EFBC}") = "Carbon.Component.Adapter.Tests", "src\adapters\Carbon.Component.Adapter.Tests\Carbon.Component.Adapter.Tests.csproj", "{518B642F-268B-4ADA-874A-276457C864B9}"
EndProject
Project("{2150E333-8FDC-42A3-9474-1A3956D46DE8}") = "cqrs", "cqrs", "{2BDF15B6-459F-4DA5-AB68-4661B556A4F7}"
EndProject
Global
	GlobalSection(SolutionConfigurationPlatforms) = preSolution
		Debug|Any CPU = Debug|Any CPU
		Release|Any CPU = Release|Any CPU
	EndGlobalSection
	GlobalSection(ProjectConfigurationPlatforms) = postSolution
		{BDD71A59-4A78-4B1C-9A77-3AC9D843F378}.Debug|Any CPU.ActiveCfg = Debug|Any CPU
		{BDD71A59-4A78-4B1C-9A77-3AC9D843F378}.Debug|Any CPU.Build.0 = Debug|Any CPU
		{BDD71A59-4A78-4B1C-9A77-3AC9D843F378}.Release|Any CPU.ActiveCfg = Release|Any CPU
		{BDD71A59-4A78-4B1C-9A77-3AC9D843F378}.Release|Any CPU.Build.0 = Release|Any CPU
		{1D4AAD3D-5433-4EE3-B32D-FC95DE85942F}.Debug|Any CPU.ActiveCfg = Debug|Any CPU
		{1D4AAD3D-5433-4EE3-B32D-FC95DE85942F}.Debug|Any CPU.Build.0 = Debug|Any CPU
		{1D4AAD3D-5433-4EE3-B32D-FC95DE85942F}.Release|Any CPU.ActiveCfg = Release|Any CPU
		{1D4AAD3D-5433-4EE3-B32D-FC95DE85942F}.Release|Any CPU.Build.0 = Release|Any CPU
		{E82B5A65-BC47-4167-9FE6-46D679B98BE7}.Debug|Any CPU.ActiveCfg = Debug|Any CPU
		{E82B5A65-BC47-4167-9FE6-46D679B98BE7}.Debug|Any CPU.Build.0 = Debug|Any CPU
		{E82B5A65-BC47-4167-9FE6-46D679B98BE7}.Release|Any CPU.ActiveCfg = Release|Any CPU
		{E82B5A65-BC47-4167-9FE6-46D679B98BE7}.Release|Any CPU.Build.0 = Release|Any CPU
		{03379B05-B23C-492B-BE99-C314A59BCA13}.Debug|Any CPU.ActiveCfg = Debug|Any CPU
		{03379B05-B23C-492B-BE99-C314A59BCA13}.Debug|Any CPU.Build.0 = Debug|Any CPU
		{03379B05-B23C-492B-BE99-C314A59BCA13}.Release|Any CPU.ActiveCfg = Release|Any CPU
		{03379B05-B23C-492B-BE99-C314A59BCA13}.Release|Any CPU.Build.0 = Release|Any CPU
		{8B03B2D2-FE43-4976-874F-687E517221E6}.Debug|Any CPU.ActiveCfg = Debug|Any CPU
		{8B03B2D2-FE43-4976-874F-687E517221E6}.Debug|Any CPU.Build.0 = Debug|Any CPU
		{8B03B2D2-FE43-4976-874F-687E517221E6}.Release|Any CPU.ActiveCfg = Release|Any CPU
		{8B03B2D2-FE43-4976-874F-687E517221E6}.Release|Any CPU.Build.0 = Release|Any CPU
		{C54F22B5-AA51-4E91-A6F7-99C294DDBBB2}.Debug|Any CPU.ActiveCfg = Debug|Any CPU
		{C54F22B5-AA51-4E91-A6F7-99C294DDBBB2}.Debug|Any CPU.Build.0 = Debug|Any CPU
		{C54F22B5-AA51-4E91-A6F7-99C294DDBBB2}.Release|Any CPU.ActiveCfg = Release|Any CPU
		{C54F22B5-AA51-4E91-A6F7-99C294DDBBB2}.Release|Any CPU.Build.0 = Release|Any CPU
		{B0AFA645-32A3-415A-B334-D90139C79998}.Debug|Any CPU.ActiveCfg = Debug|Any CPU
		{B0AFA645-32A3-415A-B334-D90139C79998}.Debug|Any CPU.Build.0 = Debug|Any CPU
		{B0AFA645-32A3-415A-B334-D90139C79998}.Release|Any CPU.ActiveCfg = Release|Any CPU
		{B0AFA645-32A3-415A-B334-D90139C79998}.Release|Any CPU.Build.0 = Release|Any CPU
		{48D3DD11-D627-4907-805B-68CA0D4DBD10}.Debug|Any CPU.ActiveCfg = Debug|Any CPU
		{48D3DD11-D627-4907-805B-68CA0D4DBD10}.Debug|Any CPU.Build.0 = Debug|Any CPU
		{48D3DD11-D627-4907-805B-68CA0D4DBD10}.Release|Any CPU.ActiveCfg = Release|Any CPU
		{48D3DD11-D627-4907-805B-68CA0D4DBD10}.Release|Any CPU.Build.0 = Release|Any CPU
		{213C5255-F7E8-4BB6-8900-3C86ACC010A9}.Debug|Any CPU.ActiveCfg = Debug|Any CPU
		{213C5255-F7E8-4BB6-8900-3C86ACC010A9}.Debug|Any CPU.Build.0 = Debug|Any CPU
		{213C5255-F7E8-4BB6-8900-3C86ACC010A9}.Release|Any CPU.ActiveCfg = Release|Any CPU
		{213C5255-F7E8-4BB6-8900-3C86ACC010A9}.Release|Any CPU.Build.0 = Release|Any CPU
		{0146745A-CF5D-40A1-AAE0-07F30F5DFA72}.Debug|Any CPU.ActiveCfg = Debug|Any CPU
		{0146745A-CF5D-40A1-AAE0-07F30F5DFA72}.Debug|Any CPU.Build.0 = Debug|Any CPU
		{0146745A-CF5D-40A1-AAE0-07F30F5DFA72}.Release|Any CPU.ActiveCfg = Release|Any CPU
		{0146745A-CF5D-40A1-AAE0-07F30F5DFA72}.Release|Any CPU.Build.0 = Release|Any CPU
		{3F4EBFE8-FFDA-45C5-845B-D9B218E89557}.Debug|Any CPU.ActiveCfg = Debug|Any CPU
		{3F4EBFE8-FFDA-45C5-845B-D9B218E89557}.Debug|Any CPU.Build.0 = Debug|Any CPU
		{3F4EBFE8-FFDA-45C5-845B-D9B218E89557}.Release|Any CPU.ActiveCfg = Release|Any CPU
		{3F4EBFE8-FFDA-45C5-845B-D9B218E89557}.Release|Any CPU.Build.0 = Release|Any CPU
		{821A788B-AEDE-41A3-9E10-67A745C42DA2}.Debug|Any CPU.ActiveCfg = Debug|Any CPU
		{821A788B-AEDE-41A3-9E10-67A745C42DA2}.Debug|Any CPU.Build.0 = Debug|Any CPU
		{821A788B-AEDE-41A3-9E10-67A745C42DA2}.Release|Any CPU.ActiveCfg = Release|Any CPU
		{821A788B-AEDE-41A3-9E10-67A745C42DA2}.Release|Any CPU.Build.0 = Release|Any CPU
		{8BCDB1D7-0093-41DA-BF3A-43C3E008F349}.Debug|Any CPU.ActiveCfg = Debug|Any CPU
		{8BCDB1D7-0093-41DA-BF3A-43C3E008F349}.Debug|Any CPU.Build.0 = Debug|Any CPU
		{8BCDB1D7-0093-41DA-BF3A-43C3E008F349}.Release|Any CPU.ActiveCfg = Release|Any CPU
		{8BCDB1D7-0093-41DA-BF3A-43C3E008F349}.Release|Any CPU.Build.0 = Release|Any CPU
		{198E3EDD-15EA-4063-8BE3-D0884D4442DD}.Debug|Any CPU.ActiveCfg = Debug|Any CPU
		{198E3EDD-15EA-4063-8BE3-D0884D4442DD}.Debug|Any CPU.Build.0 = Debug|Any CPU
		{198E3EDD-15EA-4063-8BE3-D0884D4442DD}.Release|Any CPU.ActiveCfg = Release|Any CPU
		{198E3EDD-15EA-4063-8BE3-D0884D4442DD}.Release|Any CPU.Build.0 = Release|Any CPU
		{CF18218D-1531-4F84-8083-93A682E6094B}.Debug|Any CPU.ActiveCfg = Debug|Any CPU
		{CF18218D-1531-4F84-8083-93A682E6094B}.Debug|Any CPU.Build.0 = Debug|Any CPU
		{CF18218D-1531-4F84-8083-93A682E6094B}.Release|Any CPU.ActiveCfg = Release|Any CPU
		{CF18218D-1531-4F84-8083-93A682E6094B}.Release|Any CPU.Build.0 = Release|Any CPU
		{7A1A6662-52D3-4F7F-BCF8-14BE1A09AADE}.Debug|Any CPU.ActiveCfg = Debug|Any CPU
		{7A1A6662-52D3-4F7F-BCF8-14BE1A09AADE}.Debug|Any CPU.Build.0 = Debug|Any CPU
		{7A1A6662-52D3-4F7F-BCF8-14BE1A09AADE}.Release|Any CPU.ActiveCfg = Release|Any CPU
		{7A1A6662-52D3-4F7F-BCF8-14BE1A09AADE}.Release|Any CPU.Build.0 = Release|Any CPU
		{88142EC8-3DCB-4764-AE2F-B624306A14CD}.Debug|Any CPU.ActiveCfg = Debug|Any CPU
		{88142EC8-3DCB-4764-AE2F-B624306A14CD}.Debug|Any CPU.Build.0 = Debug|Any CPU
		{88142EC8-3DCB-4764-AE2F-B624306A14CD}.Release|Any CPU.ActiveCfg = Release|Any CPU
		{88142EC8-3DCB-4764-AE2F-B624306A14CD}.Release|Any CPU.Build.0 = Release|Any CPU
		{518B642F-268B-4ADA-874A-276457C864B9}.Debug|Any CPU.ActiveCfg = Debug|Any CPU
		{518B642F-268B-4ADA-874A-276457C864B9}.Debug|Any CPU.Build.0 = Debug|Any CPU
		{518B642F-268B-4ADA-874A-276457C864B9}.Release|Any CPU.ActiveCfg = Release|Any CPU
		{518B642F-268B-4ADA-874A-276457C864B9}.Release|Any CPU.Build.0 = Release|Any CPU
	EndGlobalSection
	GlobalSection(SolutionProperties) = preSolution
		HideSolutionNode = FALSE
	EndGlobalSection
	GlobalSection(NestedProjects) = preSolution
		{BDD71A59-4A78-4B1C-9A77-3AC9D843F378} = {39BD369D-440A-441A-A977-E87D72FE0E0C}
		{1D4AAD3D-5433-4EE3-B32D-FC95DE85942F} = {1E2B300D-1782-40E0-A74F-CB633A2A4612}
		{0146745A-CF5D-40A1-AAE0-07F30F5DFA72} = {1E2B300D-1782-40E0-A74F-CB633A2A4612}
		{3F4EBFE8-FFDA-45C5-845B-D9B218E89557} = {1E2B300D-1782-40E0-A74F-CB633A2A4612}
		{821A788B-AEDE-41A3-9E10-67A745C42DA2} = {1E2B300D-1782-40E0-A74F-CB633A2A4612}
		{E82B5A65-BC47-4167-9FE6-46D679B98BE7} = {9AE3E7EE-4E73-4D43-A0AA-C9C550861CC4}
		{213C5255-F7E8-4BB6-8900-3C86ACC010A9} = {9AE3E7EE-4E73-4D43-A0AA-C9C550861CC4}
		{03379B05-B23C-492B-BE99-C314A59BCA13} = {BCFFFC59-930A-4ACE-B6BC-B8342556DD40}
		{8B03B2D2-FE43-4976-874F-687E517221E6} = {BCFFFC59-930A-4ACE-B6BC-B8342556DD40}
		{C54F22B5-AA51-4E91-A6F7-99C294DDBBB2} = {BCFFFC59-930A-4ACE-B6BC-B8342556DD40}
		{CF18218D-1531-4F84-8083-93A682E6094B} = {BCFFFC59-930A-4ACE-B6BC-B8342556DD40}
		{88142EC8-3DCB-4764-AE2F-B624306A14CD} = {BCFFFC59-930A-4ACE-B6BC-B8342556DD40}
		{518B642F-268B-4ADA-874A-276457C864B9} = {BCFFFC59-930A-4ACE-B6BC-B8342556DD40}
		{4F331630-DA3F-4A1E-B77B-8536B6F7E93F} = {E70FB8E7-AB68-40EB-A50E-17ADFBFFC37A}
		{930BF452-1867-4FD9-8603-8A0C075F4AB7} = {E70FB8E7-AB68-40EB-A50E-17ADFBFFC37A}
		{83FF6432-7D62-4786-A807-CEBF3A402018} = {E70FB8E7-AB68-40EB-A50E-17ADFBFFC37A}
		{B0AFA645-32A3-415A-B334-D90139C79998} = {4F331630-DA3F-4A1E-B77B-8536B6F7E93F}
		{48D3DD11-D627-4907-805B-68CA0D4DBD10} = {4F331630-DA3F-4A1E-B77B-8536B6F7E93F}
		{8BCDB1D7-0093-41DA-BF3A-43C3E008F349} = {930BF452-1867-4FD9-8603-8A0C075F4AB7}
		{7A1A6662-52D3-4F7F-BCF8-14BE1A09AADE} = {930BF452-1867-4FD9-8603-8A0C075F4AB7}
		{198E3EDD-15EA-4063-8BE3-D0884D4442DD} = {83FF6432-7D62-4786-A807-CEBF3A402018}
	EndGlobalSection
EndGlobal
