
Microsoft Visual Studio Solution File, Format Version 10.00
# Visual Studio 2008
Project("{2150E333-8FDC-42A3-9474-1A3956D46DE8}") = "file.mover", "file.mover", "{7E0F0C10-7F3B-46F5-BDC0-3592ACEDDEF3}"
EndProject
Project("{FAE04EC0-301F-11D3-BF4B-00C04F79EFBC}") = "Carbon.Framework.FileMover", "src\Carbon.Framework.FileMover\Carbon.Framework.FileMover.csproj", "{DA7BD6B2-E5E2-4351-A31E-6F7C51113D51}"
EndProject
Project("{2150E333-8FDC-42A3-9474-1A3956D46DE8}") = "integration.samples", "integration.samples", "{20BC6734-464E-48F2-B867-C896D3871A89}"
EndProject
Project("{2150E333-8FDC-42A3-9474-1A3956D46DE8}") = "Solution Items", "Solution Items", "{8BD2C1C0-DE57-4064-BCC8-B3700508DD87}"
	ProjectSection(SolutionItems) = preProject
		log4net.config.xml = log4net.config.xml
	EndProjectSection
EndProject
Project("{2150E333-8FDC-42A3-9474-1A3956D46DE8}") = "loan.broker", "loan.broker", "{6126E079-F575-4FCA-B049-91A1EC2CB64F}"
	ProjectSection(SolutionItems) = preProject
		solution.txt = solution.txt
	EndProjectSection
EndProject
Project("{2150E333-8FDC-42A3-9474-1A3956D46DE8}") = "starbucks", "starbucks", "{48D5878E-2AF5-4839-B759-FBDEEF084D84}"
EndProject
Project("{FAE04EC0-301F-11D3-BF4B-00C04F79EFBC}") = "Starbucks.Tests", "..\integration\starbucks\Starbucks.Tests\Starbucks.Tests.csproj", "{1AAADB9E-05DA-49B1-8C1D-37614B37F4E5}"
EndProject
Project("{FAE04EC0-301F-11D3-BF4B-00C04F79EFBC}") = "Starbucks", "..\integration\starbucks\Starbucks\Starbucks.csproj", "{14FFE661-7A00-4F07-885F-CE072E6EE492}"
EndProject
Project("{FAE04EC0-301F-11D3-BF4B-00C04F79EFBC}") = "LoanBroker.Host", "..\integration\loanbroker\LoanBroker.Host\LoanBroker.Host.csproj", "{86DA08DF-1845-44A5-B8FA-487F39B0CA07}"
EndProject
Project("{2150E333-8FDC-42A3-9474-1A3956D46DE8}") = "cqrs", "cqrs", "{4245D8C9-9185-41A4-9A48-0842A9FC0C02}"
EndProject
Project("{FAE04EC0-301F-11D3-BF4B-00C04F79EFBC}") = "SimpleCQRS", "..\integration\SimpleCQRS\SimpleCQRS.csproj", "{65C0AF8F-DE47-448E-8DA6-7F70D1865680}"
EndProject
Project("{2150E333-8FDC-42A3-9474-1A3956D46DE8}") = "esb", "esb", "{FCDA741D-B98F-4C6B-AA41-26B2D1EA86A8}"
EndProject
Project("{2150E333-8FDC-42A3-9474-1A3956D46DE8}") = "loan.broker", "loan.broker", "{CCF92EC7-820B-4AA1-9E8C-E8FAACEC5F39}"
EndProject
Project("{FAE04EC0-301F-11D3-BF4B-00C04F79EFBC}") = "LoanBroker", "..\integration\loanbroker\LoanBroker\LoanBroker.csproj", "{DE2545E4-6072-4AB0-AB42-781D45E83361}"
EndProject
Project("{FAE04EC0-301F-11D3-BF4B-00C04F79EFBC}") = "LoanBroker.Tests", "..\integration\loanbroker\LoanBroker.Tests\LoanBroker.Tests.csproj", "{2FAEE72B-0C79-4B7A-9729-366FA5B4806A}"
EndProject
Project("{2150E333-8FDC-42A3-9474-1A3956D46DE8}") = "starbucks", "starbucks", "{EACC9808-CDBD-42D8-85AC-646B1D434058}"
EndProject
Project("{2150E333-8FDC-42A3-9474-1A3956D46DE8}") = "simple.twitter", "simple.twitter", "{E0B13693-5A47-48B3-91F3-077299A17511}"
EndProject
Project("{FAE04EC0-301F-11D3-BF4B-00C04F79EFBC}") = "Commands", "..\esb\simple.twitter\Commands\Commands.csproj", "{EBA202EB-6645-4A2D-A098-617D41B8B39D}"
EndProject
Project("{FAE04EC0-301F-11D3-BF4B-00C04F79EFBC}") = "CommandConsumers", "..\esb\simple.twitter\CommandHandlers\CommandConsumers.csproj", "{968B11BC-F181-4532-9E81-261D8184DAF0}"
EndProject
Project("{FAE04EC0-301F-11D3-BF4B-00C04F79EFBC}") = "Events", "..\esb\simple.twitter\Events\Events.csproj", "{E8DA5934-8147-402A-B592-FDA2B76489F9}"
EndProject
Project("{FAE04EC0-301F-11D3-BF4B-00C04F79EFBC}") = "Domain", "..\esb\simple.twitter\Domain\Domain.csproj", "{523D11FF-68D8-44F8-84C8-F8D790594466}"
EndProject
Project("{FAE04EC0-301F-11D3-BF4B-00C04F79EFBC}") = "Denormalizers", "..\esb\Denormalizers\Denormalizers.csproj", "{9F47370A-820A-45B8-97D4-3B59151ABFAF}"
EndProject
Project("{FAE04EC0-301F-11D3-BF4B-00C04F79EFBC}") = "Application.Backend.Host", "..\esb\simple.twitter\Application.Backend.Host\Application.Backend.Host.csproj", "{A2AB2C5A-29AB-49F7-A575-57FB5B5E611A}"
EndProject
Project("{FAE04EC0-301F-11D3-BF4B-00C04F79EFBC}") = "Tests", "..\esb\simple.twitter\Tests\Tests.csproj", "{13CCA278-7668-47F9-9A18-FD4395FB47E8}"
EndProject
Global
	GlobalSection(SolutionConfigurationPlatforms) = preSolution
		Debug|Any CPU = Debug|Any CPU
		Release|Any CPU = Release|Any CPU
	EndGlobalSection
	GlobalSection(ProjectConfigurationPlatforms) = postSolution
		{DA7BD6B2-E5E2-4351-A31E-6F7C51113D51}.Debug|Any CPU.ActiveCfg = Debug|Any CPU
		{DA7BD6B2-E5E2-4351-A31E-6F7C51113D51}.Debug|Any CPU.Build.0 = Debug|Any CPU
		{DA7BD6B2-E5E2-4351-A31E-6F7C51113D51}.Release|Any CPU.ActiveCfg = Release|Any CPU
		{DA7BD6B2-E5E2-4351-A31E-6F7C51113D51}.Release|Any CPU.Build.0 = Release|Any CPU
		{1AAADB9E-05DA-49B1-8C1D-37614B37F4E5}.Debug|Any CPU.ActiveCfg = Debug|Any CPU
		{1AAADB9E-05DA-49B1-8C1D-37614B37F4E5}.Debug|Any CPU.Build.0 = Debug|Any CPU
		{1AAADB9E-05DA-49B1-8C1D-37614B37F4E5}.Release|Any CPU.ActiveCfg = Release|Any CPU
		{1AAADB9E-05DA-49B1-8C1D-37614B37F4E5}.Release|Any CPU.Build.0 = Release|Any CPU
		{14FFE661-7A00-4F07-885F-CE072E6EE492}.Debug|Any CPU.ActiveCfg = Debug|Any CPU
		{14FFE661-7A00-4F07-885F-CE072E6EE492}.Debug|Any CPU.Build.0 = Debug|Any CPU
		{14FFE661-7A00-4F07-885F-CE072E6EE492}.Release|Any CPU.ActiveCfg = Release|Any CPU
		{14FFE661-7A00-4F07-885F-CE072E6EE492}.Release|Any CPU.Build.0 = Release|Any CPU
		{86DA08DF-1845-44A5-B8FA-487F39B0CA07}.Debug|Any CPU.ActiveCfg = Debug|Any CPU
		{86DA08DF-1845-44A5-B8FA-487F39B0CA07}.Debug|Any CPU.Build.0 = Debug|Any CPU
		{86DA08DF-1845-44A5-B8FA-487F39B0CA07}.Release|Any CPU.ActiveCfg = Release|Any CPU
		{86DA08DF-1845-44A5-B8FA-487F39B0CA07}.Release|Any CPU.Build.0 = Release|Any CPU
		{65C0AF8F-DE47-448E-8DA6-7F70D1865680}.Debug|Any CPU.ActiveCfg = Debug|Any CPU
		{65C0AF8F-DE47-448E-8DA6-7F70D1865680}.Debug|Any CPU.Build.0 = Debug|Any CPU
		{65C0AF8F-DE47-448E-8DA6-7F70D1865680}.Release|Any CPU.ActiveCfg = Release|Any CPU
		{65C0AF8F-DE47-448E-8DA6-7F70D1865680}.Release|Any CPU.Build.0 = Release|Any CPU
		{DE2545E4-6072-4AB0-AB42-781D45E83361}.Debug|Any CPU.ActiveCfg = Debug|Any CPU
		{DE2545E4-6072-4AB0-AB42-781D45E83361}.Debug|Any CPU.Build.0 = Debug|Any CPU
		{DE2545E4-6072-4AB0-AB42-781D45E83361}.Release|Any CPU.ActiveCfg = Release|Any CPU
		{DE2545E4-6072-4AB0-AB42-781D45E83361}.Release|Any CPU.Build.0 = Release|Any CPU
		{2FAEE72B-0C79-4B7A-9729-366FA5B4806A}.Debug|Any CPU.ActiveCfg = Debug|Any CPU
		{2FAEE72B-0C79-4B7A-9729-366FA5B4806A}.Debug|Any CPU.Build.0 = Debug|Any CPU
		{2FAEE72B-0C79-4B7A-9729-366FA5B4806A}.Release|Any CPU.ActiveCfg = Release|Any CPU
		{2FAEE72B-0C79-4B7A-9729-366FA5B4806A}.Release|Any CPU.Build.0 = Release|Any CPU
		{EBA202EB-6645-4A2D-A098-617D41B8B39D}.Debug|Any CPU.ActiveCfg = Debug|Any CPU
		{EBA202EB-6645-4A2D-A098-617D41B8B39D}.Debug|Any CPU.Build.0 = Debug|Any CPU
		{EBA202EB-6645-4A2D-A098-617D41B8B39D}.Release|Any CPU.ActiveCfg = Release|Any CPU
		{EBA202EB-6645-4A2D-A098-617D41B8B39D}.Release|Any CPU.Build.0 = Release|Any CPU
		{968B11BC-F181-4532-9E81-261D8184DAF0}.Debug|Any CPU.ActiveCfg = Debug|Any CPU
		{968B11BC-F181-4532-9E81-261D8184DAF0}.Debug|Any CPU.Build.0 = Debug|Any CPU
		{968B11BC-F181-4532-9E81-261D8184DAF0}.Release|Any CPU.ActiveCfg = Release|Any CPU
		{968B11BC-F181-4532-9E81-261D8184DAF0}.Release|Any CPU.Build.0 = Release|Any CPU
		{E8DA5934-8147-402A-B592-FDA2B76489F9}.Debug|Any CPU.ActiveCfg = Debug|Any CPU
		{E8DA5934-8147-402A-B592-FDA2B76489F9}.Debug|Any CPU.Build.0 = Debug|Any CPU
		{E8DA5934-8147-402A-B592-FDA2B76489F9}.Release|Any CPU.ActiveCfg = Release|Any CPU
		{E8DA5934-8147-402A-B592-FDA2B76489F9}.Release|Any CPU.Build.0 = Release|Any CPU
		{523D11FF-68D8-44F8-84C8-F8D790594466}.Debug|Any CPU.ActiveCfg = Debug|Any CPU
		{523D11FF-68D8-44F8-84C8-F8D790594466}.Debug|Any CPU.Build.0 = Debug|Any CPU
		{523D11FF-68D8-44F8-84C8-F8D790594466}.Release|Any CPU.ActiveCfg = Release|Any CPU
		{523D11FF-68D8-44F8-84C8-F8D790594466}.Release|Any CPU.Build.0 = Release|Any CPU
		{9F47370A-820A-45B8-97D4-3B59151ABFAF}.Debug|Any CPU.ActiveCfg = Debug|Any CPU
		{9F47370A-820A-45B8-97D4-3B59151ABFAF}.Debug|Any CPU.Build.0 = Debug|Any CPU
		{9F47370A-820A-45B8-97D4-3B59151ABFAF}.Release|Any CPU.ActiveCfg = Release|Any CPU
		{9F47370A-820A-45B8-97D4-3B59151ABFAF}.Release|Any CPU.Build.0 = Release|Any CPU
		{A2AB2C5A-29AB-49F7-A575-57FB5B5E611A}.Debug|Any CPU.ActiveCfg = Debug|Any CPU
		{A2AB2C5A-29AB-49F7-A575-57FB5B5E611A}.Debug|Any CPU.Build.0 = Debug|Any CPU
		{A2AB2C5A-29AB-49F7-A575-57FB5B5E611A}.Release|Any CPU.ActiveCfg = Release|Any CPU
		{A2AB2C5A-29AB-49F7-A575-57FB5B5E611A}.Release|Any CPU.Build.0 = Release|Any CPU
		{13CCA278-7668-47F9-9A18-FD4395FB47E8}.Debug|Any CPU.ActiveCfg = Debug|Any CPU
		{13CCA278-7668-47F9-9A18-FD4395FB47E8}.Debug|Any CPU.Build.0 = Debug|Any CPU
		{13CCA278-7668-47F9-9A18-FD4395FB47E8}.Release|Any CPU.ActiveCfg = Release|Any CPU
		{13CCA278-7668-47F9-9A18-FD4395FB47E8}.Release|Any CPU.Build.0 = Release|Any CPU
	EndGlobalSection
	GlobalSection(SolutionProperties) = preSolution
		HideSolutionNode = FALSE
	EndGlobalSection
	GlobalSection(NestedProjects) = preSolution
		{7E0F0C10-7F3B-46F5-BDC0-3592ACEDDEF3} = {20BC6734-464E-48F2-B867-C896D3871A89}
		{6126E079-F575-4FCA-B049-91A1EC2CB64F} = {20BC6734-464E-48F2-B867-C896D3871A89}
		{48D5878E-2AF5-4839-B759-FBDEEF084D84} = {20BC6734-464E-48F2-B867-C896D3871A89}
		{4245D8C9-9185-41A4-9A48-0842A9FC0C02} = {20BC6734-464E-48F2-B867-C896D3871A89}
		{DA7BD6B2-E5E2-4351-A31E-6F7C51113D51} = {7E0F0C10-7F3B-46F5-BDC0-3592ACEDDEF3}
		{86DA08DF-1845-44A5-B8FA-487F39B0CA07} = {6126E079-F575-4FCA-B049-91A1EC2CB64F}
		{DE2545E4-6072-4AB0-AB42-781D45E83361} = {6126E079-F575-4FCA-B049-91A1EC2CB64F}
		{2FAEE72B-0C79-4B7A-9729-366FA5B4806A} = {6126E079-F575-4FCA-B049-91A1EC2CB64F}
		{1AAADB9E-05DA-49B1-8C1D-37614B37F4E5} = {48D5878E-2AF5-4839-B759-FBDEEF084D84}
		{14FFE661-7A00-4F07-885F-CE072E6EE492} = {48D5878E-2AF5-4839-B759-FBDEEF084D84}
		{65C0AF8F-DE47-448E-8DA6-7F70D1865680} = {4245D8C9-9185-41A4-9A48-0842A9FC0C02}
		{CCF92EC7-820B-4AA1-9E8C-E8FAACEC5F39} = {FCDA741D-B98F-4C6B-AA41-26B2D1EA86A8}
		{EACC9808-CDBD-42D8-85AC-646B1D434058} = {FCDA741D-B98F-4C6B-AA41-26B2D1EA86A8}
		{E0B13693-5A47-48B3-91F3-077299A17511} = {FCDA741D-B98F-4C6B-AA41-26B2D1EA86A8}
		{EBA202EB-6645-4A2D-A098-617D41B8B39D} = {E0B13693-5A47-48B3-91F3-077299A17511}
		{968B11BC-F181-4532-9E81-261D8184DAF0} = {E0B13693-5A47-48B3-91F3-077299A17511}
		{E8DA5934-8147-402A-B592-FDA2B76489F9} = {E0B13693-5A47-48B3-91F3-077299A17511}
		{523D11FF-68D8-44F8-84C8-F8D790594466} = {E0B13693-5A47-48B3-91F3-077299A17511}
		{9F47370A-820A-45B8-97D4-3B59151ABFAF} = {E0B13693-5A47-48B3-91F3-077299A17511}
		{A2AB2C5A-29AB-49F7-A575-57FB5B5E611A} = {E0B13693-5A47-48B3-91F3-077299A17511}
		{13CCA278-7668-47F9-9A18-FD4395FB47E8} = {E0B13693-5A47-48B3-91F3-077299A17511}
	EndGlobalSection
EndGlobal
